
Microsoft Visual Studio Solution File, Format Version 12.00
# Visual Studio 15
VisualStudioVersion = 15.0.27428.2037
MinimumVisualStudioVersion = 10.0.40219.1
Project("{FAE04EC0-301F-11D3-BF4B-00C04F79EFBC}") = "Snake", "Snake\Snake.csproj", "{3A363173-C2A3-4113-9E3E-233D6C7D28CA}"
EndProject
Global
	GlobalSection(SolutionConfigurationPlatforms) = preSolution
		Debug|Any CPU = Debug|Any CPU
		Release|Any CPU = Release|Any CPU
	EndGlobalSection
	GlobalSection(ProjectConfigurationPlatforms) = postSolution
		{3A363173-C2A3-4113-9E3E-233D6C7D28CA}.Debug|Any CPU.ActiveCfg = Debug|Any CPU
		{3A363173-C2A3-4113-9E3E-233D6C7D28CA}.Debug|Any CPU.Build.0 = Debug|Any CPU
		{3A363173-C2A3-4113-9E3E-233D6C7D28CA}.Release|Any CPU.ActiveCfg = Release|Any CPU
		{3A363173-C2A3-4113-9E3E-233D6C7D28CA}.Release|Any CPU.Build.0 = Release|Any CPU
	EndGlobalSection
	GlobalSection(SolutionProperties) = preSolution
		HideSolutionNode = FALSE
	EndGlobalSection
	GlobalSection(ExtensibilityGlobals) = postSolution
		SolutionGuid = {308F11B9-F8D2-4750-9A44-BB29F77CE794}
	EndGlobalSection
EndGlobal
